# THIS IS AN AUTOGENERATED FILE. DO NOT EDIT THIS FILE DIRECTLY.
# yarn lockfile v1


"asn1@0.1.11":
  "resolved" "https://registry.npmjs.org/asn1/-/asn1-0.1.11.tgz"
  "version" "0.1.11"

"assert-plus@^0.1.5":
  "resolved" "https://registry.npmjs.org/assert-plus/-/assert-plus-0.1.5.tgz"
  "version" "0.1.5"

"async@~0.9.0":
  "resolved" "https://registry.npmjs.org/async/-/async-0.9.2.tgz"
  "version" "0.9.2"

"aws-sign2@~0.5.0":
  "resolved" "https://registry.npmjs.org/aws-sign2/-/aws-sign2-0.5.0.tgz"
  "version" "0.5.0"

"bluebird@^3.4.0":
  "resolved" "https://registry.npmjs.org/bluebird/-/bluebird-3.5.0.tgz"
  "version" "3.5.0"

"boom@0.4.x":
  "resolved" "https://registry.npmjs.org/boom/-/boom-0.4.2.tgz"
  "version" "0.4.2"
  dependencies:
    "hoek" "0.9.x"

"combined-stream@~0.0.4":
  "resolved" "https://registry.npmjs.org/combined-stream/-/combined-stream-0.0.7.tgz"
  "version" "0.0.7"
  dependencies:
    "delayed-stream" "0.0.5"

"commander@^2.2.0":
  "resolved" "https://registry.npmjs.org/commander/-/commander-2.9.0.tgz"
  "version" "2.9.0"
  dependencies:
    "graceful-readlink" ">= 1.0.0"

"cryptiles@0.2.x":
  "resolved" "https://registry.npmjs.org/cryptiles/-/cryptiles-0.2.2.tgz"
  "version" "0.2.2"
  dependencies:
    "boom" "0.4.x"

"ctype@0.5.3":
  "resolved" "https://registry.npmjs.org/ctype/-/ctype-0.5.3.tgz"
  "version" "0.5.3"

"delayed-stream@0.0.5":
  "resolved" "https://registry.npmjs.org/delayed-stream/-/delayed-stream-0.0.5.tgz"
  "version" "0.0.5"

"forever-agent@~0.5.0":
  "resolved" "https://registry.npmjs.org/forever-agent/-/forever-agent-0.5.2.tgz"
  "version" "0.5.2"

"form-data@~0.1.0":
  "resolved" "https://registry.npmjs.org/form-data/-/form-data-0.1.4.tgz"
  "version" "0.1.4"
  dependencies:
    "async" "~0.9.0"
    "combined-stream" "~0.0.4"
    "mime" "~1.2.11"

"google-spreadsheet-to-json@^0.3.0":
  "resolved" "https://registry.npmjs.org/google-spreadsheet-to-json/-/google-spreadsheet-to-json-0.3.0.tgz"
  "version" "0.3.0"
  dependencies:
    "bluebird" "^3.4.0"
    "commander" "^2.2.0"
    "google-spreadsheet" "^0.3.0"

"google-spreadsheet@^0.3.0":
  "resolved" "https://registry.npmjs.org/google-spreadsheet/-/google-spreadsheet-0.3.1.tgz"
  "version" "0.3.1"
  dependencies:
    "googleclientlogin" ">=0.2.8"
    "lodash" "^3.7.0"
    "request" "~2.29.0"
    "xml2js" "~0.4.0"

"googleclientlogin@>=0.2.8":
  "resolved" "https://registry.npmjs.org/googleclientlogin/-/googleclientlogin-0.2.8.tgz"
  "version" "0.2.8"

"graceful-readlink@>= 1.0.0":
  "resolved" "https://registry.npmjs.org/graceful-readlink/-/graceful-readlink-1.0.1.tgz"
  "version" "1.0.1"

"hawk@~1.0.0":
  "resolved" "https://registry.npmjs.org/hawk/-/hawk-1.0.0.tgz"
  "version" "1.0.0"
  dependencies:
    "boom" "0.4.x"
    "cryptiles" "0.2.x"
    "hoek" "0.9.x"
    "sntp" "0.2.x"

"hoek@0.9.x":
  "resolved" "https://registry.npmjs.org/hoek/-/hoek-0.9.1.tgz"
  "version" "0.9.1"

"http-signature@~0.10.0":
  "resolved" "https://registry.npmjs.org/http-signature/-/http-signature-0.10.1.tgz"
  "version" "0.10.1"
  dependencies:
    "asn1" "0.1.11"
    "assert-plus" "^0.1.5"
    "ctype" "0.5.3"

"json-cli-helpers@^0.1.0":
  "resolved" "https://registry.npmjs.org/json-cli-helpers/-/json-cli-helpers-0.1.0.tgz"
  "version" "0.1.0"
  dependencies:
    "underscore" "^1.8.3"

"json-stringify-safe@~5.0.0":
  "resolved" "https://registry.npmjs.org/json-stringify-safe/-/json-stringify-safe-5.0.1.tgz"
  "version" "5.0.1"

"json@^9.0.6":
  "resolved" "https://registry.npmjs.org/json/-/json-9.0.6.tgz"
  "version" "9.0.6"

"lodash@^3.7.0":
  "resolved" "https://registry.npmjs.org/lodash/-/lodash-3.10.1.tgz"
  "version" "3.10.1"

"lodash@^4.0.0", "lodash@^4.17.13":
  "integrity" "sha512-v2kDEe57lecTulaDIuNTPy3Ry4gLGJ6Z1O3vE1krgXZNrsQ+LFTGHVxVjcXPs17LhbZVGedAJv8XZ1tvj5FvSg=="
  "resolved" "https://registry.npmjs.org/lodash/-/lodash-4.17.21.tgz"
  "version" "4.17.21"

"mime@~1.2.11", "mime@~1.2.9":
  "resolved" "https://registry.npmjs.org/mime/-/mime-1.2.11.tgz"
  "version" "1.2.11"

"node-uuid@~1.4.0":
  "resolved" "https://registry.npmjs.org/node-uuid/-/node-uuid-1.4.8.tgz"
  "version" "1.4.8"

"oauth-sign@~0.3.0":
  "resolved" "https://registry.npmjs.org/oauth-sign/-/oauth-sign-0.3.0.tgz"
  "version" "0.3.0"

"punycode@>=0.2.0":
  "resolved" "https://registry.npmjs.org/punycode/-/punycode-2.1.0.tgz"
  "version" "2.1.0"

"qs@~0.6.0":
  "resolved" "https://registry.npmjs.org/qs/-/qs-0.6.6.tgz"
  "version" "0.6.6"

"request@~2.29.0":
  "resolved" "https://registry.npmjs.org/request/-/request-2.29.0.tgz"
  "version" "2.29.0"
  dependencies:
    "forever-agent" "~0.5.0"
    "json-stringify-safe" "~5.0.0"
    "mime" "~1.2.9"
    "node-uuid" "~1.4.0"
    "qs" "~0.6.0"
  optionalDependencies:
    "aws-sign2" "~0.5.0"
    "form-data" "~0.1.0"
    "hawk" "~1.0.0"
    "http-signature" "~0.10.0"
    "oauth-sign" "~0.3.0"
    "tough-cookie" "~0.9.15"
    "tunnel-agent" "~0.3.0"

"sax@>=0.6.0":
  "resolved" "https://registry.npmjs.org/sax/-/sax-1.2.2.tgz"
  "version" "1.2.2"

"sntp@0.2.x":
  "resolved" "https://registry.npmjs.org/sntp/-/sntp-0.2.4.tgz"
  "version" "0.2.4"
  dependencies:
    "hoek" "0.9.x"

"tough-cookie@~0.9.15":
  "resolved" "https://registry.npmjs.org/tough-cookie/-/tough-cookie-0.9.15.tgz"
  "version" "0.9.15"
  dependencies:
    "punycode" ">=0.2.0"

"tunnel-agent@~0.3.0":
  "resolved" "https://registry.npmjs.org/tunnel-agent/-/tunnel-agent-0.3.0.tgz"
  "version" "0.3.0"

"underscore@^1.8.3":
  "resolved" "https://registry.npmjs.org/underscore/-/underscore-1.8.3.tgz"
  "version" "1.8.3"

"xml2js@~0.4.0":
  "resolved" "https://registry.npmjs.org/xml2js/-/xml2js-0.4.17.tgz"
  "version" "0.4.17"
  dependencies:
    "sax" ">=0.6.0"
    "xmlbuilder" "^4.1.0"

"xmlbuilder@^4.1.0":
  "resolved" "https://registry.npmjs.org/xmlbuilder/-/xmlbuilder-4.2.1.tgz"
  "version" "4.2.1"
  dependencies:
    "lodash" "^4.0.0"
